
Microsoft Visual Studio Solution File, Format Version 12.00
# Visual Studio Version 16
VisualStudioVersion = 16.0.31424.327
MinimumVisualStudioVersion = 10.0.40219.1
Project("{FAE04EC0-301F-11D3-BF4B-00C04F79EFBC}") = "TestTask", "TestTask.csproj", "{E3A62A18-3AF0-49E8-B3C4-B7DC977FAE2C}"
EndProject
Global
	GlobalSection(SolutionConfigurationPlatforms) = preSolution
		Debug|Any CPU = Debug|Any CPU
		Release|Any CPU = Release|Any CPU
	EndGlobalSection
	GlobalSection(ProjectConfigurationPlatforms) = postSolution
		{E3A62A18-3AF0-49E8-B3C4-B7DC977FAE2C}.Debug|Any CPU.ActiveCfg = Debug|Any CPU
		{E3A62A18-3AF0-49E8-B3C4-B7DC977FAE2C}.Debug|Any CPU.Build.0 = Debug|Any CPU
		{E3A62A18-3AF0-49E8-B3C4-B7DC977FAE2C}.Release|Any CPU.ActiveCfg = Release|Any CPU
		{E3A62A18-3AF0-49E8-B3C4-B7DC977FAE2C}.Release|Any CPU.Build.0 = Release|Any CPU
	EndGlobalSection
	GlobalSection(SolutionProperties) = preSolution
		HideSolutionNode = FALSE
	EndGlobalSection
	GlobalSection(ExtensibilityGlobals) = postSolution
		SolutionGuid = {FE682006-6826-4AAE-93F0-17B7B03E7D4B}
	EndGlobalSection
EndGlobal
